
Microsoft Visual Studio Solution File, Format Version 12.00
# Visual Studio 15
VisualStudioVersion = 15.0.28307.1525
MinimumVisualStudioVersion = 10.0.40219.1
Project("{FAE04EC0-301F-11D3-BF4B-00C04F79EFBC}") = "Account with Balance", "Account with Balance\Account with Balance.csproj", "{0B5CE17F-6AE8-4A18-AA55-1F32C9B54E07}"
EndProject
Global
	GlobalSection(SolutionConfigurationPlatforms) = preSolution
		Debug|Any CPU = Debug|Any CPU
		Release|Any CPU = Release|Any CPU
	EndGlobalSection
	GlobalSection(ProjectConfigurationPlatforms) = postSolution
		{0B5CE17F-6AE8-4A18-AA55-1F32C9B54E07}.Debug|Any CPU.ActiveCfg = Debug|Any CPU
		{0B5CE17F-6AE8-4A18-AA55-1F32C9B54E07}.Debug|Any CPU.Build.0 = Debug|Any CPU
		{0B5CE17F-6AE8-4A18-AA55-1F32C9B54E07}.Release|Any CPU.ActiveCfg = Release|Any CPU
		{0B5CE17F-6AE8-4A18-AA55-1F32C9B54E07}.Release|Any CPU.Build.0 = Release|Any CPU
	EndGlobalSection
	GlobalSection(SolutionProperties) = preSolution
		HideSolutionNode = FALSE
	EndGlobalSection
	GlobalSection(ExtensibilityGlobals) = postSolution
		SolutionGuid = {A7F355C8-8A47-47D9-AE5C-B9232C7B85EB}
	EndGlobalSection
EndGlobal
