
Microsoft Visual Studio Solution File, Format Version 12.00
# Visual Studio 15
VisualStudioVersion = 15.0.28307.1585
MinimumVisualStudioVersion = 10.0.40219.1
Project("{FAE04EC0-301F-11D3-BF4B-00C04F79EFBC}") = "Exercise 4.10 - Student Record", "Exercise 4.10 - Student Record\Exercise 4.10 - Student Record.csproj", "{FE63EE64-DF79-4909-B26A-7E9D1A517CAA}"
EndProject
Global
	GlobalSection(SolutionConfigurationPlatforms) = preSolution
		Debug|Any CPU = Debug|Any CPU
		Release|Any CPU = Release|Any CPU
	EndGlobalSection
	GlobalSection(ProjectConfigurationPlatforms) = postSolution
		{FE63EE64-DF79-4909-B26A-7E9D1A517CAA}.Debug|Any CPU.ActiveCfg = Debug|Any CPU
		{FE63EE64-DF79-4909-B26A-7E9D1A517CAA}.Debug|Any CPU.Build.0 = Debug|Any CPU
		{FE63EE64-DF79-4909-B26A-7E9D1A517CAA}.Release|Any CPU.ActiveCfg = Release|Any CPU
		{FE63EE64-DF79-4909-B26A-7E9D1A517CAA}.Release|Any CPU.Build.0 = Release|Any CPU
	EndGlobalSection
	GlobalSection(SolutionProperties) = preSolution
		HideSolutionNode = FALSE
	EndGlobalSection
	GlobalSection(ExtensibilityGlobals) = postSolution
		SolutionGuid = {04749B32-66C3-4895-98DB-9BB2B5A0898E}
	EndGlobalSection
EndGlobal
