
Microsoft Visual Studio Solution File, Format Version 12.00
# Visual Studio 15
VisualStudioVersion = 15.0.28307.1525
MinimumVisualStudioVersion = 10.0.40219.1
Project("{FAE04EC0-301F-11D3-BF4B-00C04F79EFBC}") = "Chapter 3 Exercise 3.29", "Chapter 3 Exercise 3.29\Chapter 3 Exercise 3.29.csproj", "{C86C6297-B09D-4E09-AEA7-853219BD3800}"
EndProject
Global
	GlobalSection(SolutionConfigurationPlatforms) = preSolution
		Debug|Any CPU = Debug|Any CPU
		Release|Any CPU = Release|Any CPU
	EndGlobalSection
	GlobalSection(ProjectConfigurationPlatforms) = postSolution
		{C86C6297-B09D-4E09-AEA7-853219BD3800}.Debug|Any CPU.ActiveCfg = Debug|Any CPU
		{C86C6297-B09D-4E09-AEA7-853219BD3800}.Debug|Any CPU.Build.0 = Debug|Any CPU
		{C86C6297-B09D-4E09-AEA7-853219BD3800}.Release|Any CPU.ActiveCfg = Release|Any CPU
		{C86C6297-B09D-4E09-AEA7-853219BD3800}.Release|Any CPU.Build.0 = Release|Any CPU
	EndGlobalSection
	GlobalSection(SolutionProperties) = preSolution
		HideSolutionNode = FALSE
	EndGlobalSection
	GlobalSection(ExtensibilityGlobals) = postSolution
		SolutionGuid = {98F9A681-D138-4DBE-BF82-2A7EA4BF3EE3}
	EndGlobalSection
EndGlobal
