
Microsoft Visual Studio Solution File, Format Version 12.00
# Visual Studio 15
VisualStudioVersion = 15.0.28307.1622
MinimumVisualStudioVersion = 10.0.40219.1
Project("{FAE04EC0-301F-11D3-BF4B-00C04F79EFBC}") = "Ex 5.41 - World Growth Estimator", "Ex 5.41 - World Growth Estimator\Ex 5.41 - World Growth Estimator.csproj", "{505ED82C-34F8-4216-B9C5-266F907CF7EF}"
EndProject
Global
	GlobalSection(SolutionConfigurationPlatforms) = preSolution
		Debug|Any CPU = Debug|Any CPU
		Release|Any CPU = Release|Any CPU
	EndGlobalSection
	GlobalSection(ProjectConfigurationPlatforms) = postSolution
		{505ED82C-34F8-4216-B9C5-266F907CF7EF}.Debug|Any CPU.ActiveCfg = Debug|Any CPU
		{505ED82C-34F8-4216-B9C5-266F907CF7EF}.Debug|Any CPU.Build.0 = Debug|Any CPU
		{505ED82C-34F8-4216-B9C5-266F907CF7EF}.Release|Any CPU.ActiveCfg = Release|Any CPU
		{505ED82C-34F8-4216-B9C5-266F907CF7EF}.Release|Any CPU.Build.0 = Release|Any CPU
	EndGlobalSection
	GlobalSection(SolutionProperties) = preSolution
		HideSolutionNode = FALSE
	EndGlobalSection
	GlobalSection(ExtensibilityGlobals) = postSolution
		SolutionGuid = {A3776332-FD38-4DBE-A0A2-AC64DCA0A63A}
	EndGlobalSection
EndGlobal
